
Microsoft Visual Studio Solution File, Format Version 12.00
# Visual Studio Version 17
VisualStudioVersion = 17.9.34616.47
MinimumVisualStudioVersion = 10.0.40219.1
Project("{FAE04EC0-301F-11D3-BF4B-00C04F79EFBC}") = "LoginRegistrationForm", "LoginRegistrationForm\LoginRegistrationForm.csproj", "{8FBB6453-F886-4FC2-9794-089F86EA4CF5}"
EndProject
Global
	GlobalSection(SolutionConfigurationPlatforms) = preSolution
		Debug|Any CPU = Debug|Any CPU
		Release|Any CPU = Release|Any CPU
	EndGlobalSection
	GlobalSection(ProjectConfigurationPlatforms) = postSolution
		{8FBB6453-F886-4FC2-9794-089F86EA4CF5}.Debug|Any CPU.ActiveCfg = Debug|Any CPU
		{8FBB6453-F886-4FC2-9794-089F86EA4CF5}.Debug|Any CPU.Build.0 = Debug|Any CPU
		{8FBB6453-F886-4FC2-9794-089F86EA4CF5}.Release|Any CPU.ActiveCfg = Release|Any CPU
		{8FBB6453-F886-4FC2-9794-089F86EA4CF5}.Release|Any CPU.Build.0 = Release|Any CPU
	EndGlobalSection
	GlobalSection(SolutionProperties) = preSolution
		HideSolutionNode = FALSE
	EndGlobalSection
	GlobalSection(ExtensibilityGlobals) = postSolution
		SolutionGuid = {C4D6C733-BA66-487F-B867-418570F03093}
	EndGlobalSection
EndGlobal
